[root]
name = "roguelike"
version = "0.0.1"
dependencies = [
 "ecs 0.0.1 (git+https://github.com/mtsr/entityx-ecs-rs)",
]

[[package]]
name = "anymap"
version = "0.9.2"
source = "git+https://github.com/chris-morgan/anymap.git#905800cc304d4c341b64f87779e9ab86f0be6800"

[[package]]
name = "ecs"
version = "0.0.1"
source = "git+https://github.com/mtsr/entityx-ecs-rs#bc85b6347532c99652569480d20b061a512be841"
dependencies = [
 "anymap 0.9.2 (git+https://github.com/chris-morgan/anymap.git)",
 "uuid 0.1.0 (git+https://github.com/rust-lang/uuid)",
]

[[package]]
name = "uuid"
version = "0.1.0"
source = "git+https://github.com/rust-lang/uuid#8a709674fa4a9730768c027f92514ecf77b10733"

