[root]
name = "roguelike"
version = "0.0.1"
dependencies = [
 "ecs 0.0.1 (git+https://github.com/mtsr/entityx-ecs-rs)",
]

[[package]]
name = "anymap"
version = "0.9.4"
source = "git+https://github.com/chris-morgan/anymap.git#d41769b77a91e5bb8b34e55fc7fd5fb87bc9c1fa"

[[package]]
name = "ecs"
version = "0.0.1"
source = "git+https://github.com/mtsr/entityx-ecs-rs#bc85b6347532c99652569480d20b061a512be841"
dependencies = [
 "anymap 0.9.4 (git+https://github.com/chris-morgan/anymap.git)",
]

