[root]
name = "roguelike"
version = "0.0.1"
dependencies = [
 "ecs 0.0.1",
 "time 0.1.12 (registry+https://github.com/rust-lang/crates.io-index)",
]

[[package]]
name = "anymap"
version = "0.9.8"
source = "git+https://github.com/chris-morgan/anymap.git#d96c4a32aca47f67f08ff857ff66e9d89363d6a6"

[[package]]
name = "ecs"
version = "0.0.1"
dependencies = [
 "anymap 0.9.8 (git+https://github.com/chris-morgan/anymap.git)",
]

[[package]]
name = "gcc"
version = "0.1.4"
source = "registry+https://github.com/rust-lang/crates.io-index"

[[package]]
name = "time"
version = "0.1.12"
source = "registry+https://github.com/rust-lang/crates.io-index"
dependencies = [
 "gcc 0.1.4 (registry+https://github.com/rust-lang/crates.io-index)",
]

